
Microsoft Visual Studio Solution File, Format Version 12.00
# Visual Studio 2012
Project("{8BC9CEB8-8B4A-11D0-8D11-00A0C91BC942}") = "SWT_Projekt_Temperaturanzeige", "SWT_Projekt_Temperaturanzeige\SWT_Projekt_Temperaturanzeige.vcxproj", "{C35F0B60-A3A2-4A66-B038-60555BE2492C}"
EndProject
Global
	GlobalSection(SolutionConfigurationPlatforms) = preSolution
		Debug|Win32 = Debug|Win32
		Release|Win32 = Release|Win32
	EndGlobalSection
	GlobalSection(ProjectConfigurationPlatforms) = postSolution
		{C35F0B60-A3A2-4A66-B038-60555BE2492C}.Debug|Win32.ActiveCfg = Debug|Win32
		{C35F0B60-A3A2-4A66-B038-60555BE2492C}.Debug|Win32.Build.0 = Debug|Win32
		{C35F0B60-A3A2-4A66-B038-60555BE2492C}.Release|Win32.ActiveCfg = Release|Win32
		{C35F0B60-A3A2-4A66-B038-60555BE2492C}.Release|Win32.Build.0 = Release|Win32
	EndGlobalSection
	GlobalSection(SolutionProperties) = preSolution
		HideSolutionNode = FALSE
	EndGlobalSection
EndGlobal
